# THIS IS AN AUTOGENERATED FILE. DO NOT EDIT THIS FILE DIRECTLY.
# yarn lockfile v1


base64-arraybuffer@^0.1.5:
  version "0.1.5"
  resolved "https://registry.yarnpkg.com/base64-arraybuffer/-/base64-arraybuffer-0.1.5.tgz#73926771923b5a19747ad666aa5cd4bf9c6e9ce8"
  integrity sha1-c5JncZI7Whl0etZmqlzUv5xunOg=

css-line-break@1.0.1:
  version "1.0.1"
  resolved "https://registry.yarnpkg.com/css-line-break/-/css-line-break-1.0.1.tgz#19f2063a33e95fb2831b86446c0b80c188af450a"
  integrity sha1-GfIGOjPpX7KDG4ZEbAuAwYivRQo=
  dependencies:
    base64-arraybuffer "^0.1.5"

html2canvas@1.0.0-alpha.12:
  version "1.0.0-alpha.12"
  resolved "https://registry.yarnpkg.com/html2canvas/-/html2canvas-1.0.0-alpha.12.tgz#3b1992e3c9b3f56063c35fd620494f37eba88513"
  integrity sha1-OxmS48mz9WBjw1/WIElPN+uohRM=
  dependencies:
    css-line-break "1.0.1"

react-backdrop-filter@^2.1.0:
  version "2.1.0"
  resolved "https://registry.yarnpkg.com/react-backdrop-filter/-/react-backdrop-filter-2.1.0.tgz#84e83acd4b2734663c4b23c91f4e142a25aef951"
  integrity sha512-B91E8u9Rp6z/LuGiZMwO9pVcb4AbiSM8Vm9+/5CYNA92C7XZCgcsqfdrP0S3u3Tbma25kV2SM6+yOWAGiykqfQ==
  dependencies:
    html2canvas "1.0.0-alpha.12"
    resize-observer-polyfill "^1.5.1"

resize-observer-polyfill@^1.5.1:
  version "1.5.1"
  resolved "https://registry.yarnpkg.com/resize-observer-polyfill/-/resize-observer-polyfill-1.5.1.tgz#0e9020dd3d21024458d4ebd27e23e40269810464"
  integrity sha512-LwZrotdHOo12nQuZlHEmtuXdqGoOD0OhaxopaNFxWzInpEgaLWoVuAMbTzixuosCx2nEG58ngzW3vxdWoxIgdg==
